
Microsoft Visual Studio Solution File, Format Version 12.00
# Visual Studio 14
VisualStudioVersion = 14.0.25420.1
MinimumVisualStudioVersion = 10.0.40219.1
Project("{2150E333-8FDC-42A3-9474-1A3956D46DE8}") = "Framework", "Framework", "{C5449046-C4C7-4D22-BF56-7E85B405DE10}"
EndProject
Project("{FAE04EC0-301F-11D3-BF4B-00C04F79EFBC}") = "CMS.DataAccess", "CMS.DataAccess\CMS.DataAccess.csproj", "{D10F906E-72AC-484E-BBB7-B4794790F821}"
EndProject
Project("{2150E333-8FDC-42A3-9474-1A3956D46DE8}") = "SolutionItems", "SolutionItems", "{62EFBE79-A3A8-40DE-9393-047B57A54483}"
EndProject
Project("{FAE04EC0-301F-11D3-BF4B-00C04F79EFBC}") = "Test", "Test\Test.csproj", "{B6014FF6-C5AD-4A60-8E05-D298E200BF1D}"
EndProject
Project("{FAE04EC0-301F-11D3-BF4B-00C04F79EFBC}") = "ConsoleApplication", "ConsoleApplication\ConsoleApplication.csproj", "{98E5E088-032F-4145-8F3D-7C103C78E6A4}"
EndProject
Project("{8BB2217D-0F2D-49D1-97BC-3654ED321F3B}") = "Dashboard", "Dashboard\Dashboard.xproj", "{EE27AA92-81BD-49C1-A88C-78E5E925CDB8}"
EndProject
Project("{FAE04EC0-301F-11D3-BF4B-00C04F79EFBC}") = "MvcConnerstore", "MvcConnerstore\MvcConnerstore.csproj", "{5940EC5F-BCCA-460B-9864-CB648D8E047D}"
EndProject
Project("{FAE04EC0-301F-11D3-BF4B-00C04F79EFBC}") = "CMS.Dashboard", "CMS.Dashboard\CMS.Dashboard.csproj", "{B3BD6C90-5C71-490C-9720-D2645EAFC49E}"
EndProject
Global
	GlobalSection(SolutionConfigurationPlatforms) = preSolution
		Debug|Any CPU = Debug|Any CPU
		Release|Any CPU = Release|Any CPU
	EndGlobalSection
	GlobalSection(ProjectConfigurationPlatforms) = postSolution
		{D10F906E-72AC-484E-BBB7-B4794790F821}.Debug|Any CPU.ActiveCfg = Debug|Any CPU
		{D10F906E-72AC-484E-BBB7-B4794790F821}.Debug|Any CPU.Build.0 = Debug|Any CPU
		{D10F906E-72AC-484E-BBB7-B4794790F821}.Release|Any CPU.ActiveCfg = Release|Any CPU
		{D10F906E-72AC-484E-BBB7-B4794790F821}.Release|Any CPU.Build.0 = Release|Any CPU
		{B6014FF6-C5AD-4A60-8E05-D298E200BF1D}.Debug|Any CPU.ActiveCfg = Debug|Any CPU
		{B6014FF6-C5AD-4A60-8E05-D298E200BF1D}.Debug|Any CPU.Build.0 = Debug|Any CPU
		{B6014FF6-C5AD-4A60-8E05-D298E200BF1D}.Release|Any CPU.ActiveCfg = Release|Any CPU
		{B6014FF6-C5AD-4A60-8E05-D298E200BF1D}.Release|Any CPU.Build.0 = Release|Any CPU
		{98E5E088-032F-4145-8F3D-7C103C78E6A4}.Debug|Any CPU.ActiveCfg = Debug|Any CPU
		{98E5E088-032F-4145-8F3D-7C103C78E6A4}.Debug|Any CPU.Build.0 = Debug|Any CPU
		{98E5E088-032F-4145-8F3D-7C103C78E6A4}.Release|Any CPU.ActiveCfg = Release|Any CPU
		{98E5E088-032F-4145-8F3D-7C103C78E6A4}.Release|Any CPU.Build.0 = Release|Any CPU
		{EE27AA92-81BD-49C1-A88C-78E5E925CDB8}.Debug|Any CPU.ActiveCfg = Debug|Any CPU
		{EE27AA92-81BD-49C1-A88C-78E5E925CDB8}.Debug|Any CPU.Build.0 = Debug|Any CPU
		{EE27AA92-81BD-49C1-A88C-78E5E925CDB8}.Release|Any CPU.ActiveCfg = Release|Any CPU
		{EE27AA92-81BD-49C1-A88C-78E5E925CDB8}.Release|Any CPU.Build.0 = Release|Any CPU
		{5940EC5F-BCCA-460B-9864-CB648D8E047D}.Debug|Any CPU.ActiveCfg = Debug|Any CPU
		{5940EC5F-BCCA-460B-9864-CB648D8E047D}.Debug|Any CPU.Build.0 = Debug|Any CPU
		{5940EC5F-BCCA-460B-9864-CB648D8E047D}.Release|Any CPU.ActiveCfg = Release|Any CPU
		{5940EC5F-BCCA-460B-9864-CB648D8E047D}.Release|Any CPU.Build.0 = Release|Any CPU
		{B3BD6C90-5C71-490C-9720-D2645EAFC49E}.Debug|Any CPU.ActiveCfg = Debug|Any CPU
		{B3BD6C90-5C71-490C-9720-D2645EAFC49E}.Debug|Any CPU.Build.0 = Debug|Any CPU
		{B3BD6C90-5C71-490C-9720-D2645EAFC49E}.Release|Any CPU.ActiveCfg = Release|Any CPU
		{B3BD6C90-5C71-490C-9720-D2645EAFC49E}.Release|Any CPU.Build.0 = Release|Any CPU
	EndGlobalSection
	GlobalSection(SolutionProperties) = preSolution
		HideSolutionNode = FALSE
	EndGlobalSection
	GlobalSection(NestedProjects) = preSolution
		{D10F906E-72AC-484E-BBB7-B4794790F821} = {C5449046-C4C7-4D22-BF56-7E85B405DE10}
		{B6014FF6-C5AD-4A60-8E05-D298E200BF1D} = {62EFBE79-A3A8-40DE-9393-047B57A54483}
		{98E5E088-032F-4145-8F3D-7C103C78E6A4} = {62EFBE79-A3A8-40DE-9393-047B57A54483}
		{EE27AA92-81BD-49C1-A88C-78E5E925CDB8} = {C5449046-C4C7-4D22-BF56-7E85B405DE10}
		{5940EC5F-BCCA-460B-9864-CB648D8E047D} = {C5449046-C4C7-4D22-BF56-7E85B405DE10}
		{B3BD6C90-5C71-490C-9720-D2645EAFC49E} = {C5449046-C4C7-4D22-BF56-7E85B405DE10}
	EndGlobalSection
EndGlobal
